
Microsoft Visual Studio Solution File, Format Version 12.00
# Visual Studio Version 16
VisualStudioVersion = 16.0.29424.173
MinimumVisualStudioVersion = 10.0.40219.1
Project("{2150E333-8FDC-42A3-9474-1A3956D46DE8}") = "src", "src", "{75F50491-A82F-4E1F-9B34-EDD2D52E2D5F}"
EndProject
Project("{2150E333-8FDC-42A3-9474-1A3956D46DE8}") = "Solution Items", "Solution Items", "{19580E2F-21AB-499C-B4A7-77A5DBF93808}"
	ProjectSection(SolutionItems) = preProject
		.gitignore = .gitignore
		README.md = README.md
	EndProjectSection
EndProject
Project("{2150E333-8FDC-42A3-9474-1A3956D46DE8}") = "services", "services", "{5CDF2C2D-8DC3-456C-9CFF-CC2A186A43D9}"
EndProject
Project("{2150E333-8FDC-42A3-9474-1A3956D46DE8}") = "BuildBlock", "BuildBlock", "{E218D3B0-D3FB-46E6-AC98-215B23F84B3E}"
EndProject
Project("{9A19103F-16F7-4668-BE54-9A1E7A4F7556}") = "ThinkerThings.BuildingBlocks.Cache", "src\BuildingBlocks\ThinkerThings.BuildingBlocks.Cache\ThinkerThings.BuildingBlocks.Cache.csproj", "{6EB99C95-CCF4-421A-B676-2123D63BF3D2}"
EndProject
Project("{9A19103F-16F7-4668-BE54-9A1E7A4F7556}") = "ThinkerThings.BuildingBlocks.Application", "src\BuildingBlocks\ThinkerThings.BuildingBlocks.Application\ThinkerThings.BuildingBlocks.Application.csproj", "{8EE71BE8-BA35-464F-8791-D9722EC3693C}"
EndProject
Project("{2150E333-8FDC-42A3-9474-1A3956D46DE8}") = "test", "test", "{64C47CE6-6260-4320-ABBC-14D5D1371013}"
EndProject
Project("{2150E333-8FDC-42A3-9474-1A3956D46DE8}") = "customers", "customers", "{ED3CFEE0-AB08-472F-949F-04030404E051}"
EndProject
Project("{2150E333-8FDC-42A3-9474-1A3956D46DE8}") = "orders", "orders", "{DD45039E-6150-4DE3-AB9A-5B819657B82C}"
EndProject
Project("{9A19103F-16F7-4668-BE54-9A1E7A4F7556}") = "ThinkerThings.Services.Customers.Api", "src\services\customers\ThinkerThings.Services.Customers.Api\ThinkerThings.Services.Customers.Api.csproj", "{E440ABD4-5953-453B-956D-B85A438AC71B}"
EndProject
Project("{9A19103F-16F7-4668-BE54-9A1E7A4F7556}") = "ThinkerThings.Services.Customers.UnitTest", "test\ThinkerThings.Services.Customers.UnitTest\ThinkerThings.Services.Customers.UnitTest.csproj", "{A25DC052-BCB8-431A-9FE9-2F270CD7E3B7}"
EndProject
Project("{E53339B2-1760-4266-BCC7-CA923CBCF16C}") = "docker-compose", "docker-compose.dcproj", "{A941F8DC-C4DA-4262-87F1-9C57DA4E0693}"
EndProject
Project("{9A19103F-16F7-4668-BE54-9A1E7A4F7556}") = "ThinkerThings.Services.Orders.Api", "src\services\orders\ThinkerThings.Services.Orders.Api\ThinkerThings.Services.Orders.Api.csproj", "{3BD735E3-9CC7-4AAF-9ED9-40E8DC5A0673}"
EndProject
Global
	GlobalSection(SolutionConfigurationPlatforms) = preSolution
		Debug|Any CPU = Debug|Any CPU
		Release|Any CPU = Release|Any CPU
	EndGlobalSection
	GlobalSection(ProjectConfigurationPlatforms) = postSolution
		{6EB99C95-CCF4-421A-B676-2123D63BF3D2}.Debug|Any CPU.ActiveCfg = Debug|Any CPU
		{6EB99C95-CCF4-421A-B676-2123D63BF3D2}.Debug|Any CPU.Build.0 = Debug|Any CPU
		{6EB99C95-CCF4-421A-B676-2123D63BF3D2}.Release|Any CPU.ActiveCfg = Release|Any CPU
		{6EB99C95-CCF4-421A-B676-2123D63BF3D2}.Release|Any CPU.Build.0 = Release|Any CPU
		{8EE71BE8-BA35-464F-8791-D9722EC3693C}.Debug|Any CPU.ActiveCfg = Debug|Any CPU
		{8EE71BE8-BA35-464F-8791-D9722EC3693C}.Debug|Any CPU.Build.0 = Debug|Any CPU
		{8EE71BE8-BA35-464F-8791-D9722EC3693C}.Release|Any CPU.ActiveCfg = Release|Any CPU
		{8EE71BE8-BA35-464F-8791-D9722EC3693C}.Release|Any CPU.Build.0 = Release|Any CPU
		{E440ABD4-5953-453B-956D-B85A438AC71B}.Debug|Any CPU.ActiveCfg = Debug|Any CPU
		{E440ABD4-5953-453B-956D-B85A438AC71B}.Debug|Any CPU.Build.0 = Debug|Any CPU
		{E440ABD4-5953-453B-956D-B85A438AC71B}.Release|Any CPU.ActiveCfg = Release|Any CPU
		{E440ABD4-5953-453B-956D-B85A438AC71B}.Release|Any CPU.Build.0 = Release|Any CPU
		{A25DC052-BCB8-431A-9FE9-2F270CD7E3B7}.Debug|Any CPU.ActiveCfg = Debug|Any CPU
		{A25DC052-BCB8-431A-9FE9-2F270CD7E3B7}.Debug|Any CPU.Build.0 = Debug|Any CPU
		{A25DC052-BCB8-431A-9FE9-2F270CD7E3B7}.Release|Any CPU.ActiveCfg = Release|Any CPU
		{A25DC052-BCB8-431A-9FE9-2F270CD7E3B7}.Release|Any CPU.Build.0 = Release|Any CPU
		{A941F8DC-C4DA-4262-87F1-9C57DA4E0693}.Debug|Any CPU.ActiveCfg = Debug|Any CPU
		{A941F8DC-C4DA-4262-87F1-9C57DA4E0693}.Debug|Any CPU.Build.0 = Debug|Any CPU
		{A941F8DC-C4DA-4262-87F1-9C57DA4E0693}.Release|Any CPU.ActiveCfg = Release|Any CPU
		{A941F8DC-C4DA-4262-87F1-9C57DA4E0693}.Release|Any CPU.Build.0 = Release|Any CPU
		{3BD735E3-9CC7-4AAF-9ED9-40E8DC5A0673}.Debug|Any CPU.ActiveCfg = Debug|Any CPU
		{3BD735E3-9CC7-4AAF-9ED9-40E8DC5A0673}.Debug|Any CPU.Build.0 = Debug|Any CPU
		{3BD735E3-9CC7-4AAF-9ED9-40E8DC5A0673}.Release|Any CPU.ActiveCfg = Release|Any CPU
		{3BD735E3-9CC7-4AAF-9ED9-40E8DC5A0673}.Release|Any CPU.Build.0 = Release|Any CPU
	EndGlobalSection
	GlobalSection(SolutionProperties) = preSolution
		HideSolutionNode = FALSE
	EndGlobalSection
	GlobalSection(NestedProjects) = preSolution
		{5CDF2C2D-8DC3-456C-9CFF-CC2A186A43D9} = {75F50491-A82F-4E1F-9B34-EDD2D52E2D5F}
		{E218D3B0-D3FB-46E6-AC98-215B23F84B3E} = {75F50491-A82F-4E1F-9B34-EDD2D52E2D5F}
		{6EB99C95-CCF4-421A-B676-2123D63BF3D2} = {E218D3B0-D3FB-46E6-AC98-215B23F84B3E}
		{8EE71BE8-BA35-464F-8791-D9722EC3693C} = {E218D3B0-D3FB-46E6-AC98-215B23F84B3E}
		{ED3CFEE0-AB08-472F-949F-04030404E051} = {5CDF2C2D-8DC3-456C-9CFF-CC2A186A43D9}
		{DD45039E-6150-4DE3-AB9A-5B819657B82C} = {5CDF2C2D-8DC3-456C-9CFF-CC2A186A43D9}
		{E440ABD4-5953-453B-956D-B85A438AC71B} = {ED3CFEE0-AB08-472F-949F-04030404E051}
		{A25DC052-BCB8-431A-9FE9-2F270CD7E3B7} = {64C47CE6-6260-4320-ABBC-14D5D1371013}
		{3BD735E3-9CC7-4AAF-9ED9-40E8DC5A0673} = {DD45039E-6150-4DE3-AB9A-5B819657B82C}
	EndGlobalSection
	GlobalSection(ExtensibilityGlobals) = postSolution
		SolutionGuid = {9851474A-1C26-466F-A44C-252023007027}
	EndGlobalSection
EndGlobal
